
Microsoft Visual Studio Solution File, Format Version 12.00
# Visual Studio 14
VisualStudioVersion = 14.0.25123.0
MinimumVisualStudioVersion = 10.0.40219.1
Project("{FAE04EC0-301F-11D3-BF4B-00C04F79EFBC}") = "BankingSite", "BankingSite\BankingSite.csproj", "{9FDF1EA9-5F3F-4A0F-8AC5-D8BC5E9468DB}"
EndProject
Project("{FAE04EC0-301F-11D3-BF4B-00C04F79EFBC}") = "BankingSite.UnitTests", "BankingSite.UnitTests\BankingSite.UnitTests.csproj", "{2AA1BE14-B384-4708-9ABD-C87A5F3930B6}"
EndProject
Project("{FAE04EC0-301F-11D3-BF4B-00C04F79EFBC}") = "BankingSite.IntegrationTests", "BankingSite.Integration.Tests\BankingSite.IntegrationTests.csproj", "{97C18CE7-41B3-4288-B21D-5DA0C2DA1941}"
EndProject
Project("{FAE04EC0-301F-11D3-BF4B-00C04F79EFBC}") = "BankingSite.ControllerTest", "BankingSite.ControllerTest\BankingSite.ControllerTest.csproj", "{44EC59F2-E62D-4281-89A0-9A6BAA63F71E}"
EndProject
Project("{FAE04EC0-301F-11D3-BF4B-00C04F79EFBC}") = "BankingSite.ViewTests", "BankingSite.ViewTests\BankingSite.ViewTests.csproj", "{0BFC3EA9-424E-4EA0-922F-FE03CC5E20EF}"
EndProject
Project("{FAE04EC0-301F-11D3-BF4B-00C04F79EFBC}") = "BankingSite.FunctionalUITests", "BankingSite.FunctionalUITests\BankingSite.FunctionalUITests.csproj", "{F33E2D28-5E6B-4339-913B-1E1B1BE90172}"
EndProject
Global
	GlobalSection(SolutionConfigurationPlatforms) = preSolution
		Debug|Any CPU = Debug|Any CPU
		Release|Any CPU = Release|Any CPU
	EndGlobalSection
	GlobalSection(ProjectConfigurationPlatforms) = postSolution
		{9FDF1EA9-5F3F-4A0F-8AC5-D8BC5E9468DB}.Debug|Any CPU.ActiveCfg = Debug|Any CPU
		{9FDF1EA9-5F3F-4A0F-8AC5-D8BC5E9468DB}.Debug|Any CPU.Build.0 = Debug|Any CPU
		{9FDF1EA9-5F3F-4A0F-8AC5-D8BC5E9468DB}.Release|Any CPU.ActiveCfg = Release|Any CPU
		{9FDF1EA9-5F3F-4A0F-8AC5-D8BC5E9468DB}.Release|Any CPU.Build.0 = Release|Any CPU
		{2AA1BE14-B384-4708-9ABD-C87A5F3930B6}.Debug|Any CPU.ActiveCfg = Debug|Any CPU
		{2AA1BE14-B384-4708-9ABD-C87A5F3930B6}.Debug|Any CPU.Build.0 = Debug|Any CPU
		{2AA1BE14-B384-4708-9ABD-C87A5F3930B6}.Release|Any CPU.ActiveCfg = Release|Any CPU
		{2AA1BE14-B384-4708-9ABD-C87A5F3930B6}.Release|Any CPU.Build.0 = Release|Any CPU
		{97C18CE7-41B3-4288-B21D-5DA0C2DA1941}.Debug|Any CPU.ActiveCfg = Debug|Any CPU
		{97C18CE7-41B3-4288-B21D-5DA0C2DA1941}.Debug|Any CPU.Build.0 = Debug|Any CPU
		{97C18CE7-41B3-4288-B21D-5DA0C2DA1941}.Release|Any CPU.ActiveCfg = Release|Any CPU
		{97C18CE7-41B3-4288-B21D-5DA0C2DA1941}.Release|Any CPU.Build.0 = Release|Any CPU
		{44EC59F2-E62D-4281-89A0-9A6BAA63F71E}.Debug|Any CPU.ActiveCfg = Debug|Any CPU
		{44EC59F2-E62D-4281-89A0-9A6BAA63F71E}.Debug|Any CPU.Build.0 = Debug|Any CPU
		{44EC59F2-E62D-4281-89A0-9A6BAA63F71E}.Release|Any CPU.ActiveCfg = Release|Any CPU
		{44EC59F2-E62D-4281-89A0-9A6BAA63F71E}.Release|Any CPU.Build.0 = Release|Any CPU
		{0BFC3EA9-424E-4EA0-922F-FE03CC5E20EF}.Debug|Any CPU.ActiveCfg = Debug|Any CPU
		{0BFC3EA9-424E-4EA0-922F-FE03CC5E20EF}.Debug|Any CPU.Build.0 = Debug|Any CPU
		{0BFC3EA9-424E-4EA0-922F-FE03CC5E20EF}.Release|Any CPU.ActiveCfg = Release|Any CPU
		{0BFC3EA9-424E-4EA0-922F-FE03CC5E20EF}.Release|Any CPU.Build.0 = Release|Any CPU
		{F33E2D28-5E6B-4339-913B-1E1B1BE90172}.Debug|Any CPU.ActiveCfg = Debug|Any CPU
		{F33E2D28-5E6B-4339-913B-1E1B1BE90172}.Debug|Any CPU.Build.0 = Debug|Any CPU
		{F33E2D28-5E6B-4339-913B-1E1B1BE90172}.Release|Any CPU.ActiveCfg = Release|Any CPU
		{F33E2D28-5E6B-4339-913B-1E1B1BE90172}.Release|Any CPU.Build.0 = Release|Any CPU
	EndGlobalSection
	GlobalSection(SolutionProperties) = preSolution
		HideSolutionNode = FALSE
	EndGlobalSection
EndGlobal
